{
  "originHash" : "48f00c1c3fc298a15ef80f7e5dcf867924e2ed7e65fc1dea984ec718d30debc2",
  "pins" : [
    {
      "identity" : "nesteda11yids",
      "kind" : "remoteSourceControl",
      "location" : "https://github.com/SoundBlaster/NestedA11yIDs",
      "state" : {
        "revision" : "ad123fbc8dda58f20de1e6fbd21120bcfbaabf85",
        "version" : "1.0.0"
      }
    },
    {
      "identity" : "swift-docc-plugin",
      "kind" : "remoteSourceControl",
      "location" : "https://github.com/apple/swift-docc-plugin",
      "state" : {
        "revision" : "3e4f133a77e644a5812911a0513aeb7288b07d06",
        "version" : "1.4.5"
      }
    },
    {
      "identity" : "swift-docc-symbolkit",
      "kind" : "remoteSourceControl",
      "location" : "https://github.com/swiftlang/swift-docc-symbolkit",
      "state" : {
        "revision" : "b45d1f2ed151d057b54504d653e0da5552844e34",
        "version" : "1.0.0"
      }
    }
  ],
  "version" : 3
}
