<?xml version="1.0" encoding="UTF-8"?>
<Scheme
   LastUpgradeVersion = "1010"
   version = "1.3">
   <BuildAction
      parallelizeBuildables = "YES"
      buildImplicitDependencies = "YES">
      <BuildActionEntries>
         <BuildActionEntry
            buildForTesting = "YES"
            buildForRunning = "YES"
            buildForProfiling = "YES"
            buildForArchiving = "YES"
            buildForAnalyzing = "YES">
            <BuildableReference
               BuildableIdentifier = "primary"
               BlueprintIdentifier = "A4BF59F1B896D3D407989599"
               BuildableName = "ComponentTestApp_iOS.app"
               BlueprintName = "ComponentTestApp-iOS"
               ReferencedContainer = "container:Examples/ComponentTestApp/ComponentTestApp.xcodeproj">
            </BuildableReference>
         </BuildActionEntry>
         <BuildActionEntry
            buildForTesting = "YES"
            buildForRunning = "YES"
            buildForProfiling = "YES"
            buildForArchiving = "YES"
            buildForAnalyzing = "YES">
            <BuildableReference
               BuildableIdentifier = "primary"
               BlueprintIdentifier = "D0FD0C0E9BB50BFC4ECA11CC"
               BuildableName = "ComponentTestApp_macOS.app"
               BlueprintName = "ComponentTestApp-macOS"
               ReferencedContainer = "container:Examples/ComponentTestApp/ComponentTestApp.xcodeproj">
            </BuildableReference>
         </BuildActionEntry>
         <BuildActionEntry
            buildForTesting = "YES"
            buildForRunning = "YES"
            buildForProfiling = "YES"
            buildForArchiving = "YES"
            buildForAnalyzing = "YES">
            <BuildableReference
               BuildableIdentifier = "primary"
               BlueprintIdentifier = "F9433865E9F0532C0F4BE73D"
               BuildableName = "FoundationUI.framework"
               BlueprintName = "FoundationUI"
               ReferencedContainer = "container:FoundationUI/FoundationUI.xcodeproj">
            </BuildableReference>
         </BuildActionEntry>
         <BuildActionEntry
            buildForTesting = "YES"
            buildForRunning = "YES"
            buildForProfiling = "YES"
            buildForArchiving = "YES"
            buildForAnalyzing = "YES">
            <BuildableReference
               BuildableIdentifier = "primary"
               BlueprintIdentifier = "DF15E8E09D2A4B01DCEB5911"
               BuildableName = "FoundationUITests.xctest"
               BlueprintName = "FoundationUITests"
               ReferencedContainer = "container:FoundationUI/FoundationUI.xcodeproj">
            </BuildableReference>
         </BuildActionEntry>
         <BuildActionEntry
            buildForTesting = "YES"
            buildForRunning = "YES"
            buildForProfiling = "YES"
            buildForArchiving = "YES"
            buildForAnalyzing = "YES">
            <BuildableReference
               BuildableIdentifier = "primary"
               BlueprintIdentifier = "97336DB0E111BB9614B2D9DF"
               BuildableName = "ISOInspectorApp_iOS.app"
               BlueprintName = "ISOInspectorApp-iOS"
               ReferencedContainer = "container:ISOInspector.xcodeproj">
            </BuildableReference>
         </BuildActionEntry>
         <BuildActionEntry
            buildForTesting = "YES"
            buildForRunning = "YES"
            buildForProfiling = "YES"
            buildForArchiving = "YES"
            buildForAnalyzing = "YES">
            <BuildableReference
               BuildableIdentifier = "primary"
               BlueprintIdentifier = "69BB95BE78583C259FCB7544"
               BuildableName = "ISOInspectorApp_iPadOS.app"
               BlueprintName = "ISOInspectorApp-iPadOS"
               ReferencedContainer = "container:ISOInspector.xcodeproj">
            </BuildableReference>
         </BuildActionEntry>
         <BuildActionEntry
            buildForTesting = "YES"
            buildForRunning = "YES"
            buildForProfiling = "YES"
            buildForArchiving = "YES"
            buildForAnalyzing = "YES">
            <BuildableReference
               BuildableIdentifier = "primary"
               BlueprintIdentifier = "CDDCE6E9DE3EBF91EA1F7A6D"
               BuildableName = "ISOInspectorApp_macOS.app"
               BlueprintName = "ISOInspectorApp-macOS"
               ReferencedContainer = "container:ISOInspector.xcodeproj">
            </BuildableReference>
         </BuildActionEntry>
         <BuildActionEntry
            buildForTesting = "YES"
            buildForRunning = "YES"
            buildForProfiling = "YES"
            buildForArchiving = "YES"
            buildForAnalyzing = "YES">
            <BuildableReference
               BuildableIdentifier = "primary"
               BlueprintIdentifier = "C4F94193D9F7FEA4B6932AAE"
               BuildableName = "ISOInspectorAppTests_iOS.xctest"
               BlueprintName = "ISOInspectorAppTests-iOS"
               ReferencedContainer = "container:ISOInspector.xcodeproj">
            </BuildableReference>
         </BuildActionEntry>
         <BuildActionEntry
            buildForTesting = "YES"
            buildForRunning = "YES"
            buildForProfiling = "YES"
            buildForArchiving = "YES"
            buildForAnalyzing = "YES">
            <BuildableReference
               BuildableIdentifier = "primary"
               BlueprintIdentifier = "F04B318BF6DE5943F403EB1C"
               BuildableName = "ISOInspectorAppTests_macOS.xctest"
               BlueprintName = "ISOInspectorAppTests-macOS"
               ReferencedContainer = "container:ISOInspector.xcodeproj">
            </BuildableReference>
         </BuildActionEntry>
         <BuildActionEntry
            buildForTesting = "YES"
            buildForRunning = "YES"
            buildForProfiling = "YES"
            buildForArchiving = "YES"
            buildForAnalyzing = "YES">
            <BuildableReference
               BuildableIdentifier = "primary"
               BlueprintIdentifier = "7D8DF2DD0271A860A9899A7F"
               BuildableName = "libISOInspectorCLI.a"
               BlueprintName = "ISOInspectorCLI"
               ReferencedContainer = "container:ISOInspector.xcodeproj">
            </BuildableReference>
         </BuildActionEntry>
         <BuildActionEntry
            buildForTesting = "YES"
            buildForRunning = "YES"
            buildForProfiling = "YES"
            buildForArchiving = "YES"
            buildForAnalyzing = "YES">
            <BuildableReference
               BuildableIdentifier = "primary"
               BlueprintIdentifier = "79DEDB2A7B055D4D855681C9"
               BuildableName = "ISOInspectorCLIRunner"
               BlueprintName = "ISOInspectorCLIRunner"
               ReferencedContainer = "container:ISOInspector.xcodeproj">
            </BuildableReference>
         </BuildActionEntry>
         <BuildActionEntry
            buildForTesting = "YES"
            buildForRunning = "YES"
            buildForProfiling = "YES"
            buildForArchiving = "YES"
            buildForAnalyzing = "YES">
            <BuildableReference
               BuildableIdentifier = "primary"
               BlueprintIdentifier = "3EF4694AD96AE175F6AF9CCB"
               BuildableName = "ISOInspectorCLITests.xctest"
               BlueprintName = "ISOInspectorCLITests"
               ReferencedContainer = "container:ISOInspector.xcodeproj">
            </BuildableReference>
         </BuildActionEntry>
         <BuildActionEntry
            buildForTesting = "YES"
            buildForRunning = "YES"
            buildForProfiling = "YES"
            buildForArchiving = "YES"
            buildForAnalyzing = "YES">
            <BuildableReference
               BuildableIdentifier = "primary"
               BlueprintIdentifier = "76A111F6270B25091FDBFE2B"
               BuildableName = "ISOInspectorKit.framework"
               BlueprintName = "ISOInspectorKit"
               ReferencedContainer = "container:ISOInspector.xcodeproj">
            </BuildableReference>
         </BuildActionEntry>
         <BuildActionEntry
            buildForTesting = "YES"
            buildForRunning = "YES"
            buildForProfiling = "YES"
            buildForArchiving = "YES"
            buildForAnalyzing = "YES">
            <BuildableReference
               BuildableIdentifier = "primary"
               BlueprintIdentifier = "7274FCA4EA533890E52D158B"
               BuildableName = "ISOInspectorKitTests.xctest"
               BlueprintName = "ISOInspectorKitTests"
               ReferencedContainer = "container:ISOInspector.xcodeproj">
            </BuildableReference>
         </BuildActionEntry>
         <BuildActionEntry
            buildForTesting = "YES"
            buildForRunning = "YES"
            buildForProfiling = "YES"
            buildForArchiving = "YES"
            buildForAnalyzing = "YES">
            <BuildableReference
               BuildableIdentifier = "primary"
               BlueprintIdentifier = "33E2C0AD0DC5BF3C51638546"
               BuildableName = "ISOInspectorPerformanceTests.xctest"
               BlueprintName = "ISOInspectorPerformanceTests"
               ReferencedContainer = "container:ISOInspector.xcodeproj">
            </BuildableReference>
         </BuildActionEntry>
      </BuildActionEntries>
   </BuildAction>
   <TestAction
      buildConfiguration = "Debug"
      selectedDebuggerIdentifier = "Xcode.DebuggerFoundation.Debugger.LLDB"
      selectedLauncherIdentifier = "Xcode.DebuggerFoundation.Launcher.LLDB"
      shouldUseLaunchSchemeArgsEnv = "YES">
      <Testables>
         <TestableReference
            skipped = "NO"
            parallelizable = "NO">
            <BuildableReference
               BuildableIdentifier = "primary"
               BlueprintIdentifier = "DF15E8E09D2A4B01DCEB5911"
               BuildableName = "FoundationUITests.xctest"
               BlueprintName = "FoundationUITests"
               ReferencedContainer = "container:FoundationUI/FoundationUI.xcodeproj">
            </BuildableReference>
         </TestableReference>
         <TestableReference
            skipped = "NO"
            parallelizable = "NO">
            <BuildableReference
               BuildableIdentifier = "primary"
               BlueprintIdentifier = "C4F94193D9F7FEA4B6932AAE"
               BuildableName = "ISOInspectorAppTests_iOS.xctest"
               BlueprintName = "ISOInspectorAppTests-iOS"
               ReferencedContainer = "container:ISOInspector.xcodeproj">
            </BuildableReference>
         </TestableReference>
         <TestableReference
            skipped = "NO"
            parallelizable = "NO">
            <BuildableReference
               BuildableIdentifier = "primary"
               BlueprintIdentifier = "F04B318BF6DE5943F403EB1C"
               BuildableName = "ISOInspectorAppTests_macOS.xctest"
               BlueprintName = "ISOInspectorAppTests-macOS"
               ReferencedContainer = "container:ISOInspector.xcodeproj">
            </BuildableReference>
         </TestableReference>
         <TestableReference
            skipped = "NO"
            parallelizable = "NO">
            <BuildableReference
               BuildableIdentifier = "primary"
               BlueprintIdentifier = "3EF4694AD96AE175F6AF9CCB"
               BuildableName = "ISOInspectorCLITests.xctest"
               BlueprintName = "ISOInspectorCLITests"
               ReferencedContainer = "container:ISOInspector.xcodeproj">
            </BuildableReference>
         </TestableReference>
         <TestableReference
            skipped = "NO"
            parallelizable = "NO">
            <BuildableReference
               BuildableIdentifier = "primary"
               BlueprintIdentifier = "7274FCA4EA533890E52D158B"
               BuildableName = "ISOInspectorKitTests.xctest"
               BlueprintName = "ISOInspectorKitTests"
               ReferencedContainer = "container:ISOInspector.xcodeproj">
            </BuildableReference>
         </TestableReference>
         <TestableReference
            skipped = "NO"
            parallelizable = "NO">
            <BuildableReference
               BuildableIdentifier = "primary"
               BlueprintIdentifier = "33E2C0AD0DC5BF3C51638546"
               BuildableName = "ISOInspectorPerformanceTests.xctest"
               BlueprintName = "ISOInspectorPerformanceTests"
               ReferencedContainer = "container:ISOInspector.xcodeproj">
            </BuildableReference>
         </TestableReference>
      </Testables>
   </TestAction>
   <LaunchAction
      buildConfiguration = "Debug"
      selectedDebuggerIdentifier = "Xcode.DebuggerFoundation.Debugger.LLDB"
      selectedLauncherIdentifier = "Xcode.DebuggerFoundation.Launcher.LLDB"
      launchStyle = "0"
      useCustomWorkingDirectory = "NO"
      ignoresPersistentStateOnLaunch = "NO"
      debugDocumentVersioning = "YES"
      debugServiceExtension = "internal"
      allowLocationSimulation = "YES">
      <BuildableProductRunnable
         runnableDebuggingMode = "0">
         <BuildableReference
            BuildableIdentifier = "primary"
            BlueprintIdentifier = "A4BF59F1B896D3D407989599"
            BuildableName = "ComponentTestApp_iOS.app"
            BlueprintName = "ComponentTestApp-iOS"
            ReferencedContainer = "container:Examples/ComponentTestApp/ComponentTestApp.xcodeproj">
         </BuildableReference>
      </BuildableProductRunnable>
   </LaunchAction>
   <ProfileAction
      buildConfiguration = "Release"
      shouldUseLaunchSchemeArgsEnv = "YES"
      savedToolIdentifier = ""
      useCustomWorkingDirectory = "NO"
      debugDocumentVersioning = "YES">
      <BuildableProductRunnable
         runnableDebuggingMode = "0">
         <BuildableReference
            BuildableIdentifier = "primary"
            BlueprintIdentifier = "A4BF59F1B896D3D407989599"
            BuildableName = "ComponentTestApp_iOS.app"
            BlueprintName = "ComponentTestApp-iOS"
            ReferencedContainer = "container:Examples/ComponentTestApp/ComponentTestApp.xcodeproj">
         </BuildableReference>
      </BuildableProductRunnable>
   </ProfileAction>
   <AnalyzeAction
      buildConfiguration = "Debug">
   </AnalyzeAction>
   <ArchiveAction
      buildConfiguration = "Release"
      revealArchiveInOrganizer = "YES">
   </ArchiveAction>
</Scheme>
